
Microsoft Visual Studio Solution File, Format Version 12.00
# Visual Studio Version 17
VisualStudioVersion = 17.0.31903.59
MinimumVisualStudioVersion = 10.0.40219.1
Project("{2150E333-8FDC-42A3-9474-1A3956D46DE8}") = "ThucHanh01_ClassLibrary", "ThucHanh01_ClassLibrary", "{38317529-C0BC-090C-C9EA-F4EC38D08068}"
EndProject
Project("{FAE04EC0-301F-11D3-BF4B-00C04F79EFBC}") = "Buoi01Prj", "ThucHanh01_ClassLibrary\Buoi01Prj\Buoi01Prj.csproj", "{2B86EFD9-550B-4AE5-A3AE-ACDF5B070A43}"
EndProject
Project("{FAE04EC0-301F-11D3-BF4B-00C04F79EFBC}") = "MyLib", "ThucHanh01_ClassLibrary\MyLib\MyLib.csproj", "{97A847AE-A848-4582-828C-102D94CCF1EF}"
EndProject
Project("{FAE04EC0-301F-11D3-BF4B-00C04F79EFBC}") = "MyLib.Tests", "ThucHanh01_ClassLibrary\MyLib.Tests\MyLib.Tests.csproj", "{C48FB286-218E-45F5-8713-6CDFC79EEBB3}"
EndProject
Project("{2150E333-8FDC-42A3-9474-1A3956D46DE8}") = "ThucHanh02_OOP", "ThucHanh02_OOP", "{81EDB4A4-5E01-446A-5F68-505800BFD424}"
EndProject
Project("{FAE04EC0-301F-11D3-BF4B-00C04F79EFBC}") = "Bai01_01_TuoiSinhVien", "ThucHanh02_OOP\Bai01_01_TuoiSinhVien\Bai01_01_TuoiSinhVien.csproj", "{021EFABE-B6E0-4B44-9860-1FAFC735041B}"
EndProject
Project("{FAE04EC0-301F-11D3-BF4B-00C04F79EFBC}") = "Bai01_02_Point", "ThucHanh02_OOP\Bai01_02_Point\Bai01_02_Point.csproj", "{4AD26E21-A2C9-45DF-98F2-7D9079189ACF}"
EndProject
Project("{FAE04EC0-301F-11D3-BF4B-00C04F79EFBC}") = "Bai01_03_Person", "ThucHanh02_OOP\Bai01_03_Person\Bai01_03_Person.csproj", "{E8BE34C6-D6F0-4243-AFFC-77339938A935}"
EndProject
Project("{FAE04EC0-301F-11D3-BF4B-00C04F79EFBC}") = "Bai01_04_PhanSo", "ThucHanh02_OOP\Bai01_04_PhanSo\Bai01_04_PhanSo.csproj", "{F3AA29AF-6522-4637-BF94-B3B022078964}"
EndProject
Project("{FAE04EC0-301F-11D3-BF4B-00C04F79EFBC}") = "Bai01_05_DonThuc", "ThucHanh02_OOP\Bai01_05_DonThuc\Bai01_05_DonThuc.csproj", "{A310F64D-830D-4739-A4DA-315A6A920127}"
EndProject
Project("{FAE04EC0-301F-11D3-BF4B-00C04F79EFBC}") = "Bai02_01_ArrayPoint", "ThucHanh02_OOP\Bai02_01_ArrayPoint\Bai02_01_ArrayPoint.csproj", "{0AF405E2-9B5B-4CFD-B9E3-8CA3FD834CEA}"
EndProject
Project("{FAE04EC0-301F-11D3-BF4B-00C04F79EFBC}") = "Bai02_02_PersonList", "ThucHanh02_OOP\Bai02_02_PersonList\Bai02_02_PersonList.csproj", "{6E374F63-6014-4993-920A-9FB28F3F5388}"
EndProject
Project("{FAE04EC0-301F-11D3-BF4B-00C04F79EFBC}") = "Bai02_03_DaySo", "ThucHanh02_OOP\Bai02_03_DaySo\Bai02_03_DaySo.csproj", "{5FCAAB17-854B-468C-BDC8-29A4615C2430}"
EndProject
Project("{FAE04EC0-301F-11D3-BF4B-00C04F79EFBC}") = "Bai02_04_MaTran", "ThucHanh02_OOP\Bai02_04_MaTran\Bai02_04_MaTran.csproj", "{26BB3F1A-D61E-426D-ADE2-6DFC333E46E0}"
EndProject
Project("{FAE04EC0-301F-11D3-BF4B-00C04F79EFBC}") = "Bai02_03b_DaThuc", "ThucHanh02_OOP\Bai02_03b_DaThuc\Bai02_03b_DaThuc.csproj", "{6D77719F-6C87-46A1-9798-F482D7FB5D32}"
EndProject
Project("{FAE04EC0-301F-11D3-BF4B-00C04F79EFBC}") = "Bai02_04b_DayPhanSo", "ThucHanh02_OOP\Bai02_04b_DayPhanSo\Bai02_04b_DayPhanSo.csproj", "{4BA15FC6-7176-4510-9120-51B920BA4DD5}"
EndProject
Project("{FAE04EC0-301F-11D3-BF4B-00C04F79EFBC}") = "Bai02_05_LuongPhongBan", "ThucHanh02_OOP\Bai02_05_LuongPhongBan\Bai02_05_LuongPhongBan.csproj", "{D7B3198B-4C8A-4914-B4E5-014C60D2500E}"
EndProject
Project("{FAE04EC0-301F-11D3-BF4B-00C04F79EFBC}") = "Bai03_01_ArraySort", "ThucHanh02_OOP\Bai03_01_ArraySort\Bai03_01_ArraySort.csproj", "{9FDC0830-C256-4C3D-AF36-DA1F573215A2}"
EndProject
Project("{FAE04EC0-301F-11D3-BF4B-00C04F79EFBC}") = "Bai03_02_InterfaceSort", "ThucHanh02_OOP\Bai03_02_InterfaceSort\Bai03_02_InterfaceSort.csproj", "{0981204D-355B-47B5-BDC1-38F31A41A166}"
EndProject
Project("{FAE04EC0-301F-11D3-BF4B-00C04F79EFBC}") = "Bai03_03_DelegateSort", "ThucHanh02_OOP\Bai03_03_DelegateSort\Bai03_03_DelegateSort.csproj", "{66C8E8A2-AB38-4209-B185-E844BF62A2DA}"
EndProject
Project("{FAE04EC0-301F-11D3-BF4B-00C04F79EFBC}") = "Bai03_04_ConsoleMenu", "ThucHanh02_OOP\Bai03_04_ConsoleMenu\Bai03_04_ConsoleMenu.csproj", "{11BF8250-D21C-47E8-984B-ECDFA548F467}"
EndProject
Project("{FAE04EC0-301F-11D3-BF4B-00C04F79EFBC}") = "Bai03_05_LuongKeThua", "ThucHanh02_OOP\Bai03_05_LuongKeThua\Bai03_05_LuongKeThua.csproj", "{C8DB909F-833B-49FB-86B2-12CF4F07E07F}"
EndProject
Project("{FAE04EC0-301F-11D3-BF4B-00C04F79EFBC}") = "Bai03_06_ThiSinh", "ThucHanh02_OOP\Bai03_06_ThiSinh\Bai03_06_ThiSinh.csproj", "{CEADDA83-CE75-4531-92E4-7FD316BCB1B0}"
EndProject
Global
	GlobalSection(SolutionConfigurationPlatforms) = preSolution
		Debug|Any CPU = Debug|Any CPU
		Debug|x64 = Debug|x64
		Debug|x86 = Debug|x86
		Release|Any CPU = Release|Any CPU
		Release|x64 = Release|x64
		Release|x86 = Release|x86
	EndGlobalSection
	GlobalSection(ProjectConfigurationPlatforms) = postSolution
		{2B86EFD9-550B-4AE5-A3AE-ACDF5B070A43}.Debug|Any CPU.ActiveCfg = Debug|Any CPU
		{2B86EFD9-550B-4AE5-A3AE-ACDF5B070A43}.Debug|Any CPU.Build.0 = Debug|Any CPU
		{2B86EFD9-550B-4AE5-A3AE-ACDF5B070A43}.Debug|x64.ActiveCfg = Debug|Any CPU
		{2B86EFD9-550B-4AE5-A3AE-ACDF5B070A43}.Debug|x64.Build.0 = Debug|Any CPU
		{2B86EFD9-550B-4AE5-A3AE-ACDF5B070A43}.Debug|x86.ActiveCfg = Debug|Any CPU
		{2B86EFD9-550B-4AE5-A3AE-ACDF5B070A43}.Debug|x86.Build.0 = Debug|Any CPU
		{2B86EFD9-550B-4AE5-A3AE-ACDF5B070A43}.Release|Any CPU.ActiveCfg = Release|Any CPU
		{2B86EFD9-550B-4AE5-A3AE-ACDF5B070A43}.Release|Any CPU.Build.0 = Release|Any CPU
		{2B86EFD9-550B-4AE5-A3AE-ACDF5B070A43}.Release|x64.ActiveCfg = Release|Any CPU
		{2B86EFD9-550B-4AE5-A3AE-ACDF5B070A43}.Release|x64.Build.0 = Release|Any CPU
		{2B86EFD9-550B-4AE5-A3AE-ACDF5B070A43}.Release|x86.ActiveCfg = Release|Any CPU
		{2B86EFD9-550B-4AE5-A3AE-ACDF5B070A43}.Release|x86.Build.0 = Release|Any CPU
		{97A847AE-A848-4582-828C-102D94CCF1EF}.Debug|Any CPU.ActiveCfg = Debug|Any CPU
		{97A847AE-A848-4582-828C-102D94CCF1EF}.Debug|Any CPU.Build.0 = Debug|Any CPU
		{97A847AE-A848-4582-828C-102D94CCF1EF}.Debug|x64.ActiveCfg = Debug|Any CPU
		{97A847AE-A848-4582-828C-102D94CCF1EF}.Debug|x64.Build.0 = Debug|Any CPU
		{97A847AE-A848-4582-828C-102D94CCF1EF}.Debug|x86.ActiveCfg = Debug|Any CPU
		{97A847AE-A848-4582-828C-102D94CCF1EF}.Debug|x86.Build.0 = Debug|Any CPU
		{97A847AE-A848-4582-828C-102D94CCF1EF}.Release|Any CPU.ActiveCfg = Release|Any CPU
		{97A847AE-A848-4582-828C-102D94CCF1EF}.Release|Any CPU.Build.0 = Release|Any CPU
		{97A847AE-A848-4582-828C-102D94CCF1EF}.Release|x64.ActiveCfg = Release|Any CPU
		{97A847AE-A848-4582-828C-102D94CCF1EF}.Release|x64.Build.0 = Release|Any CPU
		{97A847AE-A848-4582-828C-102D94CCF1EF}.Release|x86.ActiveCfg = Release|Any CPU
		{97A847AE-A848-4582-828C-102D94CCF1EF}.Release|x86.Build.0 = Release|Any CPU
		{C48FB286-218E-45F5-8713-6CDFC79EEBB3}.Debug|Any CPU.ActiveCfg = Debug|Any CPU
		{C48FB286-218E-45F5-8713-6CDFC79EEBB3}.Debug|Any CPU.Build.0 = Debug|Any CPU
		{C48FB286-218E-45F5-8713-6CDFC79EEBB3}.Debug|x64.ActiveCfg = Debug|Any CPU
		{C48FB286-218E-45F5-8713-6CDFC79EEBB3}.Debug|x64.Build.0 = Debug|Any CPU
		{C48FB286-218E-45F5-8713-6CDFC79EEBB3}.Debug|x86.ActiveCfg = Debug|Any CPU
		{C48FB286-218E-45F5-8713-6CDFC79EEBB3}.Debug|x86.Build.0 = Debug|Any CPU
		{C48FB286-218E-45F5-8713-6CDFC79EEBB3}.Release|Any CPU.ActiveCfg = Release|Any CPU
		{C48FB286-218E-45F5-8713-6CDFC79EEBB3}.Release|Any CPU.Build.0 = Release|Any CPU
		{C48FB286-218E-45F5-8713-6CDFC79EEBB3}.Release|x64.ActiveCfg = Release|Any CPU
		{C48FB286-218E-45F5-8713-6CDFC79EEBB3}.Release|x64.Build.0 = Release|Any CPU
		{C48FB286-218E-45F5-8713-6CDFC79EEBB3}.Release|x86.ActiveCfg = Release|Any CPU
		{C48FB286-218E-45F5-8713-6CDFC79EEBB3}.Release|x86.Build.0 = Release|Any CPU
		{021EFABE-B6E0-4B44-9860-1FAFC735041B}.Debug|Any CPU.ActiveCfg = Debug|Any CPU
		{021EFABE-B6E0-4B44-9860-1FAFC735041B}.Debug|Any CPU.Build.0 = Debug|Any CPU
		{021EFABE-B6E0-4B44-9860-1FAFC735041B}.Debug|x64.ActiveCfg = Debug|Any CPU
		{021EFABE-B6E0-4B44-9860-1FAFC735041B}.Debug|x64.Build.0 = Debug|Any CPU
		{021EFABE-B6E0-4B44-9860-1FAFC735041B}.Debug|x86.ActiveCfg = Debug|Any CPU
		{021EFABE-B6E0-4B44-9860-1FAFC735041B}.Debug|x86.Build.0 = Debug|Any CPU
		{021EFABE-B6E0-4B44-9860-1FAFC735041B}.Release|Any CPU.ActiveCfg = Release|Any CPU
		{021EFABE-B6E0-4B44-9860-1FAFC735041B}.Release|Any CPU.Build.0 = Release|Any CPU
		{021EFABE-B6E0-4B44-9860-1FAFC735041B}.Release|x64.ActiveCfg = Release|Any CPU
		{021EFABE-B6E0-4B44-9860-1FAFC735041B}.Release|x64.Build.0 = Release|Any CPU
		{021EFABE-B6E0-4B44-9860-1FAFC735041B}.Release|x86.ActiveCfg = Release|Any CPU
		{021EFABE-B6E0-4B44-9860-1FAFC735041B}.Release|x86.Build.0 = Release|Any CPU
		{4AD26E21-A2C9-45DF-98F2-7D9079189ACF}.Debug|Any CPU.ActiveCfg = Debug|Any CPU
		{4AD26E21-A2C9-45DF-98F2-7D9079189ACF}.Debug|Any CPU.Build.0 = Debug|Any CPU
		{4AD26E21-A2C9-45DF-98F2-7D9079189ACF}.Debug|x64.ActiveCfg = Debug|Any CPU
		{4AD26E21-A2C9-45DF-98F2-7D9079189ACF}.Debug|x64.Build.0 = Debug|Any CPU
		{4AD26E21-A2C9-45DF-98F2-7D9079189ACF}.Debug|x86.ActiveCfg = Debug|Any CPU
		{4AD26E21-A2C9-45DF-98F2-7D9079189ACF}.Debug|x86.Build.0 = Debug|Any CPU
		{4AD26E21-A2C9-45DF-98F2-7D9079189ACF}.Release|Any CPU.ActiveCfg = Release|Any CPU
		{4AD26E21-A2C9-45DF-98F2-7D9079189ACF}.Release|Any CPU.Build.0 = Release|Any CPU
		{4AD26E21-A2C9-45DF-98F2-7D9079189ACF}.Release|x64.ActiveCfg = Release|Any CPU
		{4AD26E21-A2C9-45DF-98F2-7D9079189ACF}.Release|x64.Build.0 = Release|Any CPU
		{4AD26E21-A2C9-45DF-98F2-7D9079189ACF}.Release|x86.ActiveCfg = Release|Any CPU
		{4AD26E21-A2C9-45DF-98F2-7D9079189ACF}.Release|x86.Build.0 = Release|Any CPU
		{E8BE34C6-D6F0-4243-AFFC-77339938A935}.Debug|Any CPU.ActiveCfg = Debug|Any CPU
		{E8BE34C6-D6F0-4243-AFFC-77339938A935}.Debug|Any CPU.Build.0 = Debug|Any CPU
		{E8BE34C6-D6F0-4243-AFFC-77339938A935}.Debug|x64.ActiveCfg = Debug|Any CPU
		{E8BE34C6-D6F0-4243-AFFC-77339938A935}.Debug|x64.Build.0 = Debug|Any CPU
		{E8BE34C6-D6F0-4243-AFFC-77339938A935}.Debug|x86.ActiveCfg = Debug|Any CPU
		{E8BE34C6-D6F0-4243-AFFC-77339938A935}.Debug|x86.Build.0 = Debug|Any CPU
		{E8BE34C6-D6F0-4243-AFFC-77339938A935}.Release|Any CPU.ActiveCfg = Release|Any CPU
		{E8BE34C6-D6F0-4243-AFFC-77339938A935}.Release|Any CPU.Build.0 = Release|Any CPU
		{E8BE34C6-D6F0-4243-AFFC-77339938A935}.Release|x64.ActiveCfg = Release|Any CPU
		{E8BE34C6-D6F0-4243-AFFC-77339938A935}.Release|x64.Build.0 = Release|Any CPU
		{E8BE34C6-D6F0-4243-AFFC-77339938A935}.Release|x86.ActiveCfg = Release|Any CPU
		{E8BE34C6-D6F0-4243-AFFC-77339938A935}.Release|x86.Build.0 = Release|Any CPU
		{F3AA29AF-6522-4637-BF94-B3B022078964}.Debug|Any CPU.ActiveCfg = Debug|Any CPU
		{F3AA29AF-6522-4637-BF94-B3B022078964}.Debug|Any CPU.Build.0 = Debug|Any CPU
		{F3AA29AF-6522-4637-BF94-B3B022078964}.Debug|x64.ActiveCfg = Debug|Any CPU
		{F3AA29AF-6522-4637-BF94-B3B022078964}.Debug|x64.Build.0 = Debug|Any CPU
		{F3AA29AF-6522-4637-BF94-B3B022078964}.Debug|x86.ActiveCfg = Debug|Any CPU
		{F3AA29AF-6522-4637-BF94-B3B022078964}.Debug|x86.Build.0 = Debug|Any CPU
		{F3AA29AF-6522-4637-BF94-B3B022078964}.Release|Any CPU.ActiveCfg = Release|Any CPU
		{F3AA29AF-6522-4637-BF94-B3B022078964}.Release|Any CPU.Build.0 = Release|Any CPU
		{F3AA29AF-6522-4637-BF94-B3B022078964}.Release|x64.ActiveCfg = Release|Any CPU
		{F3AA29AF-6522-4637-BF94-B3B022078964}.Release|x64.Build.0 = Release|Any CPU
		{F3AA29AF-6522-4637-BF94-B3B022078964}.Release|x86.ActiveCfg = Release|Any CPU
		{F3AA29AF-6522-4637-BF94-B3B022078964}.Release|x86.Build.0 = Release|Any CPU
		{A310F64D-830D-4739-A4DA-315A6A920127}.Debug|Any CPU.ActiveCfg = Debug|Any CPU
		{A310F64D-830D-4739-A4DA-315A6A920127}.Debug|Any CPU.Build.0 = Debug|Any CPU
		{A310F64D-830D-4739-A4DA-315A6A920127}.Debug|x64.ActiveCfg = Debug|Any CPU
		{A310F64D-830D-4739-A4DA-315A6A920127}.Debug|x64.Build.0 = Debug|Any CPU
		{A310F64D-830D-4739-A4DA-315A6A920127}.Debug|x86.ActiveCfg = Debug|Any CPU
		{A310F64D-830D-4739-A4DA-315A6A920127}.Debug|x86.Build.0 = Debug|Any CPU
		{A310F64D-830D-4739-A4DA-315A6A920127}.Release|Any CPU.ActiveCfg = Release|Any CPU
		{A310F64D-830D-4739-A4DA-315A6A920127}.Release|Any CPU.Build.0 = Release|Any CPU
		{A310F64D-830D-4739-A4DA-315A6A920127}.Release|x64.ActiveCfg = Release|Any CPU
		{A310F64D-830D-4739-A4DA-315A6A920127}.Release|x64.Build.0 = Release|Any CPU
		{A310F64D-830D-4739-A4DA-315A6A920127}.Release|x86.ActiveCfg = Release|Any CPU
		{A310F64D-830D-4739-A4DA-315A6A920127}.Release|x86.Build.0 = Release|Any CPU
		{0AF405E2-9B5B-4CFD-B9E3-8CA3FD834CEA}.Debug|Any CPU.ActiveCfg = Debug|Any CPU
		{0AF405E2-9B5B-4CFD-B9E3-8CA3FD834CEA}.Debug|Any CPU.Build.0 = Debug|Any CPU
		{0AF405E2-9B5B-4CFD-B9E3-8CA3FD834CEA}.Debug|x64.ActiveCfg = Debug|Any CPU
		{0AF405E2-9B5B-4CFD-B9E3-8CA3FD834CEA}.Debug|x64.Build.0 = Debug|Any CPU
		{0AF405E2-9B5B-4CFD-B9E3-8CA3FD834CEA}.Debug|x86.ActiveCfg = Debug|Any CPU
		{0AF405E2-9B5B-4CFD-B9E3-8CA3FD834CEA}.Debug|x86.Build.0 = Debug|Any CPU
		{0AF405E2-9B5B-4CFD-B9E3-8CA3FD834CEA}.Release|Any CPU.ActiveCfg = Release|Any CPU
		{0AF405E2-9B5B-4CFD-B9E3-8CA3FD834CEA}.Release|Any CPU.Build.0 = Release|Any CPU
		{0AF405E2-9B5B-4CFD-B9E3-8CA3FD834CEA}.Release|x64.ActiveCfg = Release|Any CPU
		{0AF405E2-9B5B-4CFD-B9E3-8CA3FD834CEA}.Release|x64.Build.0 = Release|Any CPU
		{0AF405E2-9B5B-4CFD-B9E3-8CA3FD834CEA}.Release|x86.ActiveCfg = Release|Any CPU
		{0AF405E2-9B5B-4CFD-B9E3-8CA3FD834CEA}.Release|x86.Build.0 = Release|Any CPU
		{6E374F63-6014-4993-920A-9FB28F3F5388}.Debug|Any CPU.ActiveCfg = Debug|Any CPU
		{6E374F63-6014-4993-920A-9FB28F3F5388}.Debug|Any CPU.Build.0 = Debug|Any CPU
		{6E374F63-6014-4993-920A-9FB28F3F5388}.Debug|x64.ActiveCfg = Debug|Any CPU
		{6E374F63-6014-4993-920A-9FB28F3F5388}.Debug|x64.Build.0 = Debug|Any CPU
		{6E374F63-6014-4993-920A-9FB28F3F5388}.Debug|x86.ActiveCfg = Debug|Any CPU
		{6E374F63-6014-4993-920A-9FB28F3F5388}.Debug|x86.Build.0 = Debug|Any CPU
		{6E374F63-6014-4993-920A-9FB28F3F5388}.Release|Any CPU.ActiveCfg = Release|Any CPU
		{6E374F63-6014-4993-920A-9FB28F3F5388}.Release|Any CPU.Build.0 = Release|Any CPU
		{6E374F63-6014-4993-920A-9FB28F3F5388}.Release|x64.ActiveCfg = Release|Any CPU
		{6E374F63-6014-4993-920A-9FB28F3F5388}.Release|x64.Build.0 = Release|Any CPU
		{6E374F63-6014-4993-920A-9FB28F3F5388}.Release|x86.ActiveCfg = Release|Any CPU
		{6E374F63-6014-4993-920A-9FB28F3F5388}.Release|x86.Build.0 = Release|Any CPU
		{5FCAAB17-854B-468C-BDC8-29A4615C2430}.Debug|Any CPU.ActiveCfg = Debug|Any CPU
		{5FCAAB17-854B-468C-BDC8-29A4615C2430}.Debug|Any CPU.Build.0 = Debug|Any CPU
		{5FCAAB17-854B-468C-BDC8-29A4615C2430}.Debug|x64.ActiveCfg = Debug|Any CPU
		{5FCAAB17-854B-468C-BDC8-29A4615C2430}.Debug|x64.Build.0 = Debug|Any CPU
		{5FCAAB17-854B-468C-BDC8-29A4615C2430}.Debug|x86.ActiveCfg = Debug|Any CPU
		{5FCAAB17-854B-468C-BDC8-29A4615C2430}.Debug|x86.Build.0 = Debug|Any CPU
		{5FCAAB17-854B-468C-BDC8-29A4615C2430}.Release|Any CPU.ActiveCfg = Release|Any CPU
		{5FCAAB17-854B-468C-BDC8-29A4615C2430}.Release|Any CPU.Build.0 = Release|Any CPU
		{5FCAAB17-854B-468C-BDC8-29A4615C2430}.Release|x64.ActiveCfg = Release|Any CPU
		{5FCAAB17-854B-468C-BDC8-29A4615C2430}.Release|x64.Build.0 = Release|Any CPU
		{5FCAAB17-854B-468C-BDC8-29A4615C2430}.Release|x86.ActiveCfg = Release|Any CPU
		{5FCAAB17-854B-468C-BDC8-29A4615C2430}.Release|x86.Build.0 = Release|Any CPU
		{26BB3F1A-D61E-426D-ADE2-6DFC333E46E0}.Debug|Any CPU.ActiveCfg = Debug|Any CPU
		{26BB3F1A-D61E-426D-ADE2-6DFC333E46E0}.Debug|Any CPU.Build.0 = Debug|Any CPU
		{26BB3F1A-D61E-426D-ADE2-6DFC333E46E0}.Debug|x64.ActiveCfg = Debug|Any CPU
		{26BB3F1A-D61E-426D-ADE2-6DFC333E46E0}.Debug|x64.Build.0 = Debug|Any CPU
		{26BB3F1A-D61E-426D-ADE2-6DFC333E46E0}.Debug|x86.ActiveCfg = Debug|Any CPU
		{26BB3F1A-D61E-426D-ADE2-6DFC333E46E0}.Debug|x86.Build.0 = Debug|Any CPU
		{26BB3F1A-D61E-426D-ADE2-6DFC333E46E0}.Release|Any CPU.ActiveCfg = Release|Any CPU
		{26BB3F1A-D61E-426D-ADE2-6DFC333E46E0}.Release|Any CPU.Build.0 = Release|Any CPU
		{26BB3F1A-D61E-426D-ADE2-6DFC333E46E0}.Release|x64.ActiveCfg = Release|Any CPU
		{26BB3F1A-D61E-426D-ADE2-6DFC333E46E0}.Release|x64.Build.0 = Release|Any CPU
		{26BB3F1A-D61E-426D-ADE2-6DFC333E46E0}.Release|x86.ActiveCfg = Release|Any CPU
		{26BB3F1A-D61E-426D-ADE2-6DFC333E46E0}.Release|x86.Build.0 = Release|Any CPU
		{6D77719F-6C87-46A1-9798-F482D7FB5D32}.Debug|Any CPU.ActiveCfg = Debug|Any CPU
		{6D77719F-6C87-46A1-9798-F482D7FB5D32}.Debug|Any CPU.Build.0 = Debug|Any CPU
		{6D77719F-6C87-46A1-9798-F482D7FB5D32}.Debug|x64.ActiveCfg = Debug|Any CPU
		{6D77719F-6C87-46A1-9798-F482D7FB5D32}.Debug|x64.Build.0 = Debug|Any CPU
		{6D77719F-6C87-46A1-9798-F482D7FB5D32}.Debug|x86.ActiveCfg = Debug|Any CPU
		{6D77719F-6C87-46A1-9798-F482D7FB5D32}.Debug|x86.Build.0 = Debug|Any CPU
		{6D77719F-6C87-46A1-9798-F482D7FB5D32}.Release|Any CPU.ActiveCfg = Release|Any CPU
		{6D77719F-6C87-46A1-9798-F482D7FB5D32}.Release|Any CPU.Build.0 = Release|Any CPU
		{6D77719F-6C87-46A1-9798-F482D7FB5D32}.Release|x64.ActiveCfg = Release|Any CPU
		{6D77719F-6C87-46A1-9798-F482D7FB5D32}.Release|x64.Build.0 = Release|Any CPU
		{6D77719F-6C87-46A1-9798-F482D7FB5D32}.Release|x86.ActiveCfg = Release|Any CPU
		{6D77719F-6C87-46A1-9798-F482D7FB5D32}.Release|x86.Build.0 = Release|Any CPU
		{4BA15FC6-7176-4510-9120-51B920BA4DD5}.Debug|Any CPU.ActiveCfg = Debug|Any CPU
		{4BA15FC6-7176-4510-9120-51B920BA4DD5}.Debug|Any CPU.Build.0 = Debug|Any CPU
		{4BA15FC6-7176-4510-9120-51B920BA4DD5}.Debug|x64.ActiveCfg = Debug|Any CPU
		{4BA15FC6-7176-4510-9120-51B920BA4DD5}.Debug|x64.Build.0 = Debug|Any CPU
		{4BA15FC6-7176-4510-9120-51B920BA4DD5}.Debug|x86.ActiveCfg = Debug|Any CPU
		{4BA15FC6-7176-4510-9120-51B920BA4DD5}.Debug|x86.Build.0 = Debug|Any CPU
		{4BA15FC6-7176-4510-9120-51B920BA4DD5}.Release|Any CPU.ActiveCfg = Release|Any CPU
		{4BA15FC6-7176-4510-9120-51B920BA4DD5}.Release|Any CPU.Build.0 = Release|Any CPU
		{4BA15FC6-7176-4510-9120-51B920BA4DD5}.Release|x64.ActiveCfg = Release|Any CPU
		{4BA15FC6-7176-4510-9120-51B920BA4DD5}.Release|x64.Build.0 = Release|Any CPU
		{4BA15FC6-7176-4510-9120-51B920BA4DD5}.Release|x86.ActiveCfg = Release|Any CPU
		{4BA15FC6-7176-4510-9120-51B920BA4DD5}.Release|x86.Build.0 = Release|Any CPU
		{D7B3198B-4C8A-4914-B4E5-014C60D2500E}.Debug|Any CPU.ActiveCfg = Debug|Any CPU
		{D7B3198B-4C8A-4914-B4E5-014C60D2500E}.Debug|Any CPU.Build.0 = Debug|Any CPU
		{D7B3198B-4C8A-4914-B4E5-014C60D2500E}.Debug|x64.ActiveCfg = Debug|Any CPU
		{D7B3198B-4C8A-4914-B4E5-014C60D2500E}.Debug|x64.Build.0 = Debug|Any CPU
		{D7B3198B-4C8A-4914-B4E5-014C60D2500E}.Debug|x86.ActiveCfg = Debug|Any CPU
		{D7B3198B-4C8A-4914-B4E5-014C60D2500E}.Debug|x86.Build.0 = Debug|Any CPU
		{D7B3198B-4C8A-4914-B4E5-014C60D2500E}.Release|Any CPU.ActiveCfg = Release|Any CPU
		{D7B3198B-4C8A-4914-B4E5-014C60D2500E}.Release|Any CPU.Build.0 = Release|Any CPU
		{D7B3198B-4C8A-4914-B4E5-014C60D2500E}.Release|x64.ActiveCfg = Release|Any CPU
		{D7B3198B-4C8A-4914-B4E5-014C60D2500E}.Release|x64.Build.0 = Release|Any CPU
		{D7B3198B-4C8A-4914-B4E5-014C60D2500E}.Release|x86.ActiveCfg = Release|Any CPU
		{D7B3198B-4C8A-4914-B4E5-014C60D2500E}.Release|x86.Build.0 = Release|Any CPU
		{9FDC0830-C256-4C3D-AF36-DA1F573215A2}.Debug|Any CPU.ActiveCfg = Debug|Any CPU
		{9FDC0830-C256-4C3D-AF36-DA1F573215A2}.Debug|Any CPU.Build.0 = Debug|Any CPU
		{9FDC0830-C256-4C3D-AF36-DA1F573215A2}.Debug|x64.ActiveCfg = Debug|Any CPU
		{9FDC0830-C256-4C3D-AF36-DA1F573215A2}.Debug|x64.Build.0 = Debug|Any CPU
		{9FDC0830-C256-4C3D-AF36-DA1F573215A2}.Debug|x86.ActiveCfg = Debug|Any CPU
		{9FDC0830-C256-4C3D-AF36-DA1F573215A2}.Debug|x86.Build.0 = Debug|Any CPU
		{9FDC0830-C256-4C3D-AF36-DA1F573215A2}.Release|Any CPU.ActiveCfg = Release|Any CPU
		{9FDC0830-C256-4C3D-AF36-DA1F573215A2}.Release|Any CPU.Build.0 = Release|Any CPU
		{9FDC0830-C256-4C3D-AF36-DA1F573215A2}.Release|x64.ActiveCfg = Release|Any CPU
		{9FDC0830-C256-4C3D-AF36-DA1F573215A2}.Release|x64.Build.0 = Release|Any CPU
		{9FDC0830-C256-4C3D-AF36-DA1F573215A2}.Release|x86.ActiveCfg = Release|Any CPU
		{9FDC0830-C256-4C3D-AF36-DA1F573215A2}.Release|x86.Build.0 = Release|Any CPU
		{0981204D-355B-47B5-BDC1-38F31A41A166}.Debug|Any CPU.ActiveCfg = Debug|Any CPU
		{0981204D-355B-47B5-BDC1-38F31A41A166}.Debug|Any CPU.Build.0 = Debug|Any CPU
		{0981204D-355B-47B5-BDC1-38F31A41A166}.Debug|x64.ActiveCfg = Debug|Any CPU
		{0981204D-355B-47B5-BDC1-38F31A41A166}.Debug|x64.Build.0 = Debug|Any CPU
		{0981204D-355B-47B5-BDC1-38F31A41A166}.Debug|x86.ActiveCfg = Debug|Any CPU
		{0981204D-355B-47B5-BDC1-38F31A41A166}.Debug|x86.Build.0 = Debug|Any CPU
		{0981204D-355B-47B5-BDC1-38F31A41A166}.Release|Any CPU.ActiveCfg = Release|Any CPU
		{0981204D-355B-47B5-BDC1-38F31A41A166}.Release|Any CPU.Build.0 = Release|Any CPU
		{0981204D-355B-47B5-BDC1-38F31A41A166}.Release|x64.ActiveCfg = Release|Any CPU
		{0981204D-355B-47B5-BDC1-38F31A41A166}.Release|x64.Build.0 = Release|Any CPU
		{0981204D-355B-47B5-BDC1-38F31A41A166}.Release|x86.ActiveCfg = Release|Any CPU
		{0981204D-355B-47B5-BDC1-38F31A41A166}.Release|x86.Build.0 = Release|Any CPU
		{66C8E8A2-AB38-4209-B185-E844BF62A2DA}.Debug|Any CPU.ActiveCfg = Debug|Any CPU
		{66C8E8A2-AB38-4209-B185-E844BF62A2DA}.Debug|Any CPU.Build.0 = Debug|Any CPU
		{66C8E8A2-AB38-4209-B185-E844BF62A2DA}.Debug|x64.ActiveCfg = Debug|Any CPU
		{66C8E8A2-AB38-4209-B185-E844BF62A2DA}.Debug|x64.Build.0 = Debug|Any CPU
		{66C8E8A2-AB38-4209-B185-E844BF62A2DA}.Debug|x86.ActiveCfg = Debug|Any CPU
		{66C8E8A2-AB38-4209-B185-E844BF62A2DA}.Debug|x86.Build.0 = Debug|Any CPU
		{66C8E8A2-AB38-4209-B185-E844BF62A2DA}.Release|Any CPU.ActiveCfg = Release|Any CPU
		{66C8E8A2-AB38-4209-B185-E844BF62A2DA}.Release|Any CPU.Build.0 = Release|Any CPU
		{66C8E8A2-AB38-4209-B185-E844BF62A2DA}.Release|x64.ActiveCfg = Release|Any CPU
		{66C8E8A2-AB38-4209-B185-E844BF62A2DA}.Release|x64.Build.0 = Release|Any CPU
		{66C8E8A2-AB38-4209-B185-E844BF62A2DA}.Release|x86.ActiveCfg = Release|Any CPU
		{66C8E8A2-AB38-4209-B185-E844BF62A2DA}.Release|x86.Build.0 = Release|Any CPU
		{11BF8250-D21C-47E8-984B-ECDFA548F467}.Debug|Any CPU.ActiveCfg = Debug|Any CPU
		{11BF8250-D21C-47E8-984B-ECDFA548F467}.Debug|Any CPU.Build.0 = Debug|Any CPU
		{11BF8250-D21C-47E8-984B-ECDFA548F467}.Debug|x64.ActiveCfg = Debug|Any CPU
		{11BF8250-D21C-47E8-984B-ECDFA548F467}.Debug|x64.Build.0 = Debug|Any CPU
		{11BF8250-D21C-47E8-984B-ECDFA548F467}.Debug|x86.ActiveCfg = Debug|Any CPU
		{11BF8250-D21C-47E8-984B-ECDFA548F467}.Debug|x86.Build.0 = Debug|Any CPU
		{11BF8250-D21C-47E8-984B-ECDFA548F467}.Release|Any CPU.ActiveCfg = Release|Any CPU
		{11BF8250-D21C-47E8-984B-ECDFA548F467}.Release|Any CPU.Build.0 = Release|Any CPU
		{11BF8250-D21C-47E8-984B-ECDFA548F467}.Release|x64.ActiveCfg = Release|Any CPU
		{11BF8250-D21C-47E8-984B-ECDFA548F467}.Release|x64.Build.0 = Release|Any CPU
		{11BF8250-D21C-47E8-984B-ECDFA548F467}.Release|x86.ActiveCfg = Release|Any CPU
		{11BF8250-D21C-47E8-984B-ECDFA548F467}.Release|x86.Build.0 = Release|Any CPU
		{C8DB909F-833B-49FB-86B2-12CF4F07E07F}.Debug|Any CPU.ActiveCfg = Debug|Any CPU
		{C8DB909F-833B-49FB-86B2-12CF4F07E07F}.Debug|Any CPU.Build.0 = Debug|Any CPU
		{C8DB909F-833B-49FB-86B2-12CF4F07E07F}.Debug|x64.ActiveCfg = Debug|Any CPU
		{C8DB909F-833B-49FB-86B2-12CF4F07E07F}.Debug|x64.Build.0 = Debug|Any CPU
		{C8DB909F-833B-49FB-86B2-12CF4F07E07F}.Debug|x86.ActiveCfg = Debug|Any CPU
		{C8DB909F-833B-49FB-86B2-12CF4F07E07F}.Debug|x86.Build.0 = Debug|Any CPU
		{C8DB909F-833B-49FB-86B2-12CF4F07E07F}.Release|Any CPU.ActiveCfg = Release|Any CPU
		{C8DB909F-833B-49FB-86B2-12CF4F07E07F}.Release|Any CPU.Build.0 = Release|Any CPU
		{C8DB909F-833B-49FB-86B2-12CF4F07E07F}.Release|x64.ActiveCfg = Release|Any CPU
		{C8DB909F-833B-49FB-86B2-12CF4F07E07F}.Release|x64.Build.0 = Release|Any CPU
		{C8DB909F-833B-49FB-86B2-12CF4F07E07F}.Release|x86.ActiveCfg = Release|Any CPU
		{C8DB909F-833B-49FB-86B2-12CF4F07E07F}.Release|x86.Build.0 = Release|Any CPU
		{CEADDA83-CE75-4531-92E4-7FD316BCB1B0}.Debug|Any CPU.ActiveCfg = Debug|Any CPU
		{CEADDA83-CE75-4531-92E4-7FD316BCB1B0}.Debug|Any CPU.Build.0 = Debug|Any CPU
		{CEADDA83-CE75-4531-92E4-7FD316BCB1B0}.Debug|x64.ActiveCfg = Debug|Any CPU
		{CEADDA83-CE75-4531-92E4-7FD316BCB1B0}.Debug|x64.Build.0 = Debug|Any CPU
		{CEADDA83-CE75-4531-92E4-7FD316BCB1B0}.Debug|x86.ActiveCfg = Debug|Any CPU
		{CEADDA83-CE75-4531-92E4-7FD316BCB1B0}.Debug|x86.Build.0 = Debug|Any CPU
		{CEADDA83-CE75-4531-92E4-7FD316BCB1B0}.Release|Any CPU.ActiveCfg = Release|Any CPU
		{CEADDA83-CE75-4531-92E4-7FD316BCB1B0}.Release|Any CPU.Build.0 = Release|Any CPU
		{CEADDA83-CE75-4531-92E4-7FD316BCB1B0}.Release|x64.ActiveCfg = Release|Any CPU
		{CEADDA83-CE75-4531-92E4-7FD316BCB1B0}.Release|x64.Build.0 = Release|Any CPU
		{CEADDA83-CE75-4531-92E4-7FD316BCB1B0}.Release|x86.ActiveCfg = Release|Any CPU
		{CEADDA83-CE75-4531-92E4-7FD316BCB1B0}.Release|x86.Build.0 = Release|Any CPU
	EndGlobalSection
	GlobalSection(SolutionProperties) = preSolution
		HideSolutionNode = FALSE
	EndGlobalSection
	GlobalSection(NestedProjects) = preSolution
		{2B86EFD9-550B-4AE5-A3AE-ACDF5B070A43} = {38317529-C0BC-090C-C9EA-F4EC38D08068}
		{97A847AE-A848-4582-828C-102D94CCF1EF} = {38317529-C0BC-090C-C9EA-F4EC38D08068}
		{C48FB286-218E-45F5-8713-6CDFC79EEBB3} = {38317529-C0BC-090C-C9EA-F4EC38D08068}
		{021EFABE-B6E0-4B44-9860-1FAFC735041B} = {81EDB4A4-5E01-446A-5F68-505800BFD424}
		{4AD26E21-A2C9-45DF-98F2-7D9079189ACF} = {81EDB4A4-5E01-446A-5F68-505800BFD424}
		{E8BE34C6-D6F0-4243-AFFC-77339938A935} = {81EDB4A4-5E01-446A-5F68-505800BFD424}
		{F3AA29AF-6522-4637-BF94-B3B022078964} = {81EDB4A4-5E01-446A-5F68-505800BFD424}
		{A310F64D-830D-4739-A4DA-315A6A920127} = {81EDB4A4-5E01-446A-5F68-505800BFD424}
		{0AF405E2-9B5B-4CFD-B9E3-8CA3FD834CEA} = {81EDB4A4-5E01-446A-5F68-505800BFD424}
		{6E374F63-6014-4993-920A-9FB28F3F5388} = {81EDB4A4-5E01-446A-5F68-505800BFD424}
		{5FCAAB17-854B-468C-BDC8-29A4615C2430} = {81EDB4A4-5E01-446A-5F68-505800BFD424}
		{26BB3F1A-D61E-426D-ADE2-6DFC333E46E0} = {81EDB4A4-5E01-446A-5F68-505800BFD424}
		{6D77719F-6C87-46A1-9798-F482D7FB5D32} = {81EDB4A4-5E01-446A-5F68-505800BFD424}
		{4BA15FC6-7176-4510-9120-51B920BA4DD5} = {81EDB4A4-5E01-446A-5F68-505800BFD424}
		{D7B3198B-4C8A-4914-B4E5-014C60D2500E} = {81EDB4A4-5E01-446A-5F68-505800BFD424}
		{9FDC0830-C256-4C3D-AF36-DA1F573215A2} = {81EDB4A4-5E01-446A-5F68-505800BFD424}
		{0981204D-355B-47B5-BDC1-38F31A41A166} = {81EDB4A4-5E01-446A-5F68-505800BFD424}
		{66C8E8A2-AB38-4209-B185-E844BF62A2DA} = {81EDB4A4-5E01-446A-5F68-505800BFD424}
		{11BF8250-D21C-47E8-984B-ECDFA548F467} = {81EDB4A4-5E01-446A-5F68-505800BFD424}
		{C8DB909F-833B-49FB-86B2-12CF4F07E07F} = {81EDB4A4-5E01-446A-5F68-505800BFD424}
		{CEADDA83-CE75-4531-92E4-7FD316BCB1B0} = {81EDB4A4-5E01-446A-5F68-505800BFD424}
	EndGlobalSection
EndGlobal
