
Microsoft Visual Studio Solution File, Format Version 12.00
# Visual Studio Version 17
VisualStudioVersion = 17.0.31903.59
MinimumVisualStudioVersion = 10.0.40219.1
Project("{FAE04EC0-301F-11D3-BF4B-00C04F79EFBC}") = "Lab01.Tests", "Lab01.Tests\Lab01.Tests.csproj", "{0EC59F7D-E81F-4BF9-8755-9FCA8CC1343C}"
EndProject
Project("{FAE04EC0-301F-11D3-BF4B-00C04F79EFBC}") = "Bai01", "Bai01\Bai01.csproj", "{234690D3-0CA0-4986-A2E5-54FE0D3C356D}"
EndProject
Project("{FAE04EC0-301F-11D3-BF4B-00C04F79EFBC}") = "Bai02", "Bai02\Bai02.csproj", "{F81B8B54-E148-4173-8C0F-7F8BE1786564}"
EndProject
Project("{FAE04EC0-301F-11D3-BF4B-00C04F79EFBC}") = "Bai03", "Bai03\Bai03.csproj", "{F1233D92-9276-49BA-9412-9DA969E1E5E0}"
EndProject
Project("{FAE04EC0-301F-11D3-BF4B-00C04F79EFBC}") = "Bai04", "Bai04\Bai04.csproj", "{5823CA6F-03A4-4171-A67C-7790E8A175B6}"
EndProject
Project("{FAE04EC0-301F-11D3-BF4B-00C04F79EFBC}") = "Bai05", "Bai05\Bai05.csproj", "{CCF18BBF-3B44-4E5F-B28F-2A49A8375929}"
EndProject
Project("{FAE04EC0-301F-11D3-BF4B-00C04F79EFBC}") = "Bai06", "Bai06\Bai06.csproj", "{6E56941C-6A69-4E70-80F2-CB5B218CA79D}"
EndProject
Project("{FAE04EC0-301F-11D3-BF4B-00C04F79EFBC}") = "Bai07", "Bai07\Bai07.csproj", "{30EF017E-56F5-4FD5-B597-4F2051813B7A}"
EndProject
Project("{FAE04EC0-301F-11D3-BF4B-00C04F79EFBC}") = "Bai08", "Bai08\Bai08.csproj", "{D75B7287-7BE4-4E3B-8E63-7B1699C425F2}"
EndProject
Project("{FAE04EC0-301F-11D3-BF4B-00C04F79EFBC}") = "Bai09", "Bai09\Bai09.csproj", "{E7FB6814-E60C-435B-AE7D-3CBF6F6EC570}"
EndProject
Global
	GlobalSection(SolutionConfigurationPlatforms) = preSolution
		Debug|Any CPU = Debug|Any CPU
		Debug|x64 = Debug|x64
		Debug|x86 = Debug|x86
		Release|Any CPU = Release|Any CPU
		Release|x64 = Release|x64
		Release|x86 = Release|x86
	EndGlobalSection
	GlobalSection(ProjectConfigurationPlatforms) = postSolution
		{0EC59F7D-E81F-4BF9-8755-9FCA8CC1343C}.Debug|Any CPU.ActiveCfg = Debug|Any CPU
		{0EC59F7D-E81F-4BF9-8755-9FCA8CC1343C}.Debug|Any CPU.Build.0 = Debug|Any CPU
		{0EC59F7D-E81F-4BF9-8755-9FCA8CC1343C}.Debug|x64.ActiveCfg = Debug|Any CPU
		{0EC59F7D-E81F-4BF9-8755-9FCA8CC1343C}.Debug|x64.Build.0 = Debug|Any CPU
		{0EC59F7D-E81F-4BF9-8755-9FCA8CC1343C}.Debug|x86.ActiveCfg = Debug|Any CPU
		{0EC59F7D-E81F-4BF9-8755-9FCA8CC1343C}.Debug|x86.Build.0 = Debug|Any CPU
		{0EC59F7D-E81F-4BF9-8755-9FCA8CC1343C}.Release|Any CPU.ActiveCfg = Release|Any CPU
		{0EC59F7D-E81F-4BF9-8755-9FCA8CC1343C}.Release|Any CPU.Build.0 = Release|Any CPU
		{0EC59F7D-E81F-4BF9-8755-9FCA8CC1343C}.Release|x64.ActiveCfg = Release|Any CPU
		{0EC59F7D-E81F-4BF9-8755-9FCA8CC1343C}.Release|x64.Build.0 = Release|Any CPU
		{0EC59F7D-E81F-4BF9-8755-9FCA8CC1343C}.Release|x86.ActiveCfg = Release|Any CPU
		{0EC59F7D-E81F-4BF9-8755-9FCA8CC1343C}.Release|x86.Build.0 = Release|Any CPU
		{234690D3-0CA0-4986-A2E5-54FE0D3C356D}.Debug|Any CPU.ActiveCfg = Debug|Any CPU
		{234690D3-0CA0-4986-A2E5-54FE0D3C356D}.Debug|Any CPU.Build.0 = Debug|Any CPU
		{234690D3-0CA0-4986-A2E5-54FE0D3C356D}.Debug|x64.ActiveCfg = Debug|Any CPU
		{234690D3-0CA0-4986-A2E5-54FE0D3C356D}.Debug|x64.Build.0 = Debug|Any CPU
		{234690D3-0CA0-4986-A2E5-54FE0D3C356D}.Debug|x86.ActiveCfg = Debug|Any CPU
		{234690D3-0CA0-4986-A2E5-54FE0D3C356D}.Debug|x86.Build.0 = Debug|Any CPU
		{234690D3-0CA0-4986-A2E5-54FE0D3C356D}.Release|Any CPU.ActiveCfg = Release|Any CPU
		{234690D3-0CA0-4986-A2E5-54FE0D3C356D}.Release|Any CPU.Build.0 = Release|Any CPU
		{234690D3-0CA0-4986-A2E5-54FE0D3C356D}.Release|x64.ActiveCfg = Release|Any CPU
		{234690D3-0CA0-4986-A2E5-54FE0D3C356D}.Release|x64.Build.0 = Release|Any CPU
		{234690D3-0CA0-4986-A2E5-54FE0D3C356D}.Release|x86.ActiveCfg = Release|Any CPU
		{234690D3-0CA0-4986-A2E5-54FE0D3C356D}.Release|x86.Build.0 = Release|Any CPU
		{F81B8B54-E148-4173-8C0F-7F8BE1786564}.Debug|Any CPU.ActiveCfg = Debug|Any CPU
		{F81B8B54-E148-4173-8C0F-7F8BE1786564}.Debug|Any CPU.Build.0 = Debug|Any CPU
		{F81B8B54-E148-4173-8C0F-7F8BE1786564}.Debug|x64.ActiveCfg = Debug|Any CPU
		{F81B8B54-E148-4173-8C0F-7F8BE1786564}.Debug|x64.Build.0 = Debug|Any CPU
		{F81B8B54-E148-4173-8C0F-7F8BE1786564}.Debug|x86.ActiveCfg = Debug|Any CPU
		{F81B8B54-E148-4173-8C0F-7F8BE1786564}.Debug|x86.Build.0 = Debug|Any CPU
		{F81B8B54-E148-4173-8C0F-7F8BE1786564}.Release|Any CPU.ActiveCfg = Release|Any CPU
		{F81B8B54-E148-4173-8C0F-7F8BE1786564}.Release|Any CPU.Build.0 = Release|Any CPU
		{F81B8B54-E148-4173-8C0F-7F8BE1786564}.Release|x64.ActiveCfg = Release|Any CPU
		{F81B8B54-E148-4173-8C0F-7F8BE1786564}.Release|x64.Build.0 = Release|Any CPU
		{F81B8B54-E148-4173-8C0F-7F8BE1786564}.Release|x86.ActiveCfg = Release|Any CPU
		{F81B8B54-E148-4173-8C0F-7F8BE1786564}.Release|x86.Build.0 = Release|Any CPU
		{F1233D92-9276-49BA-9412-9DA969E1E5E0}.Debug|Any CPU.ActiveCfg = Debug|Any CPU
		{F1233D92-9276-49BA-9412-9DA969E1E5E0}.Debug|Any CPU.Build.0 = Debug|Any CPU
		{F1233D92-9276-49BA-9412-9DA969E1E5E0}.Debug|x64.ActiveCfg = Debug|Any CPU
		{F1233D92-9276-49BA-9412-9DA969E1E5E0}.Debug|x64.Build.0 = Debug|Any CPU
		{F1233D92-9276-49BA-9412-9DA969E1E5E0}.Debug|x86.ActiveCfg = Debug|Any CPU
		{F1233D92-9276-49BA-9412-9DA969E1E5E0}.Debug|x86.Build.0 = Debug|Any CPU
		{F1233D92-9276-49BA-9412-9DA969E1E5E0}.Release|Any CPU.ActiveCfg = Release|Any CPU
		{F1233D92-9276-49BA-9412-9DA969E1E5E0}.Release|Any CPU.Build.0 = Release|Any CPU
		{F1233D92-9276-49BA-9412-9DA969E1E5E0}.Release|x64.ActiveCfg = Release|Any CPU
		{F1233D92-9276-49BA-9412-9DA969E1E5E0}.Release|x64.Build.0 = Release|Any CPU
		{F1233D92-9276-49BA-9412-9DA969E1E5E0}.Release|x86.ActiveCfg = Release|Any CPU
		{F1233D92-9276-49BA-9412-9DA969E1E5E0}.Release|x86.Build.0 = Release|Any CPU
		{5823CA6F-03A4-4171-A67C-7790E8A175B6}.Debug|Any CPU.ActiveCfg = Debug|Any CPU
		{5823CA6F-03A4-4171-A67C-7790E8A175B6}.Debug|Any CPU.Build.0 = Debug|Any CPU
		{5823CA6F-03A4-4171-A67C-7790E8A175B6}.Debug|x64.ActiveCfg = Debug|Any CPU
		{5823CA6F-03A4-4171-A67C-7790E8A175B6}.Debug|x64.Build.0 = Debug|Any CPU
		{5823CA6F-03A4-4171-A67C-7790E8A175B6}.Debug|x86.ActiveCfg = Debug|Any CPU
		{5823CA6F-03A4-4171-A67C-7790E8A175B6}.Debug|x86.Build.0 = Debug|Any CPU
		{5823CA6F-03A4-4171-A67C-7790E8A175B6}.Release|Any CPU.ActiveCfg = Release|Any CPU
		{5823CA6F-03A4-4171-A67C-7790E8A175B6}.Release|Any CPU.Build.0 = Release|Any CPU
		{5823CA6F-03A4-4171-A67C-7790E8A175B6}.Release|x64.ActiveCfg = Release|Any CPU
		{5823CA6F-03A4-4171-A67C-7790E8A175B6}.Release|x64.Build.0 = Release|Any CPU
		{5823CA6F-03A4-4171-A67C-7790E8A175B6}.Release|x86.ActiveCfg = Release|Any CPU
		{5823CA6F-03A4-4171-A67C-7790E8A175B6}.Release|x86.Build.0 = Release|Any CPU
		{CCF18BBF-3B44-4E5F-B28F-2A49A8375929}.Debug|Any CPU.ActiveCfg = Debug|Any CPU
		{CCF18BBF-3B44-4E5F-B28F-2A49A8375929}.Debug|Any CPU.Build.0 = Debug|Any CPU
		{CCF18BBF-3B44-4E5F-B28F-2A49A8375929}.Debug|x64.ActiveCfg = Debug|Any CPU
		{CCF18BBF-3B44-4E5F-B28F-2A49A8375929}.Debug|x64.Build.0 = Debug|Any CPU
		{CCF18BBF-3B44-4E5F-B28F-2A49A8375929}.Debug|x86.ActiveCfg = Debug|Any CPU
		{CCF18BBF-3B44-4E5F-B28F-2A49A8375929}.Debug|x86.Build.0 = Debug|Any CPU
		{CCF18BBF-3B44-4E5F-B28F-2A49A8375929}.Release|Any CPU.ActiveCfg = Release|Any CPU
		{CCF18BBF-3B44-4E5F-B28F-2A49A8375929}.Release|Any CPU.Build.0 = Release|Any CPU
		{CCF18BBF-3B44-4E5F-B28F-2A49A8375929}.Release|x64.ActiveCfg = Release|Any CPU
		{CCF18BBF-3B44-4E5F-B28F-2A49A8375929}.Release|x64.Build.0 = Release|Any CPU
		{CCF18BBF-3B44-4E5F-B28F-2A49A8375929}.Release|x86.ActiveCfg = Release|Any CPU
		{CCF18BBF-3B44-4E5F-B28F-2A49A8375929}.Release|x86.Build.0 = Release|Any CPU
		{6E56941C-6A69-4E70-80F2-CB5B218CA79D}.Debug|Any CPU.ActiveCfg = Debug|Any CPU
		{6E56941C-6A69-4E70-80F2-CB5B218CA79D}.Debug|Any CPU.Build.0 = Debug|Any CPU
		{6E56941C-6A69-4E70-80F2-CB5B218CA79D}.Debug|x64.ActiveCfg = Debug|Any CPU
		{6E56941C-6A69-4E70-80F2-CB5B218CA79D}.Debug|x64.Build.0 = Debug|Any CPU
		{6E56941C-6A69-4E70-80F2-CB5B218CA79D}.Debug|x86.ActiveCfg = Debug|Any CPU
		{6E56941C-6A69-4E70-80F2-CB5B218CA79D}.Debug|x86.Build.0 = Debug|Any CPU
		{6E56941C-6A69-4E70-80F2-CB5B218CA79D}.Release|Any CPU.ActiveCfg = Release|Any CPU
		{6E56941C-6A69-4E70-80F2-CB5B218CA79D}.Release|Any CPU.Build.0 = Release|Any CPU
		{6E56941C-6A69-4E70-80F2-CB5B218CA79D}.Release|x64.ActiveCfg = Release|Any CPU
		{6E56941C-6A69-4E70-80F2-CB5B218CA79D}.Release|x64.Build.0 = Release|Any CPU
		{6E56941C-6A69-4E70-80F2-CB5B218CA79D}.Release|x86.ActiveCfg = Release|Any CPU
		{6E56941C-6A69-4E70-80F2-CB5B218CA79D}.Release|x86.Build.0 = Release|Any CPU
		{30EF017E-56F5-4FD5-B597-4F2051813B7A}.Debug|Any CPU.ActiveCfg = Debug|Any CPU
		{30EF017E-56F5-4FD5-B597-4F2051813B7A}.Debug|Any CPU.Build.0 = Debug|Any CPU
		{30EF017E-56F5-4FD5-B597-4F2051813B7A}.Debug|x64.ActiveCfg = Debug|Any CPU
		{30EF017E-56F5-4FD5-B597-4F2051813B7A}.Debug|x64.Build.0 = Debug|Any CPU
		{30EF017E-56F5-4FD5-B597-4F2051813B7A}.Debug|x86.ActiveCfg = Debug|Any CPU
		{30EF017E-56F5-4FD5-B597-4F2051813B7A}.Debug|x86.Build.0 = Debug|Any CPU
		{30EF017E-56F5-4FD5-B597-4F2051813B7A}.Release|Any CPU.ActiveCfg = Release|Any CPU
		{30EF017E-56F5-4FD5-B597-4F2051813B7A}.Release|Any CPU.Build.0 = Release|Any CPU
		{30EF017E-56F5-4FD5-B597-4F2051813B7A}.Release|x64.ActiveCfg = Release|Any CPU
		{30EF017E-56F5-4FD5-B597-4F2051813B7A}.Release|x64.Build.0 = Release|Any CPU
		{30EF017E-56F5-4FD5-B597-4F2051813B7A}.Release|x86.ActiveCfg = Release|Any CPU
		{30EF017E-56F5-4FD5-B597-4F2051813B7A}.Release|x86.Build.0 = Release|Any CPU
		{D75B7287-7BE4-4E3B-8E63-7B1699C425F2}.Debug|Any CPU.ActiveCfg = Debug|Any CPU
		{D75B7287-7BE4-4E3B-8E63-7B1699C425F2}.Debug|Any CPU.Build.0 = Debug|Any CPU
		{D75B7287-7BE4-4E3B-8E63-7B1699C425F2}.Debug|x64.ActiveCfg = Debug|Any CPU
		{D75B7287-7BE4-4E3B-8E63-7B1699C425F2}.Debug|x64.Build.0 = Debug|Any CPU
		{D75B7287-7BE4-4E3B-8E63-7B1699C425F2}.Debug|x86.ActiveCfg = Debug|Any CPU
		{D75B7287-7BE4-4E3B-8E63-7B1699C425F2}.Debug|x86.Build.0 = Debug|Any CPU
		{D75B7287-7BE4-4E3B-8E63-7B1699C425F2}.Release|Any CPU.ActiveCfg = Release|Any CPU
		{D75B7287-7BE4-4E3B-8E63-7B1699C425F2}.Release|Any CPU.Build.0 = Release|Any CPU
		{D75B7287-7BE4-4E3B-8E63-7B1699C425F2}.Release|x64.ActiveCfg = Release|Any CPU
		{D75B7287-7BE4-4E3B-8E63-7B1699C425F2}.Release|x64.Build.0 = Release|Any CPU
		{D75B7287-7BE4-4E3B-8E63-7B1699C425F2}.Release|x86.ActiveCfg = Release|Any CPU
		{D75B7287-7BE4-4E3B-8E63-7B1699C425F2}.Release|x86.Build.0 = Release|Any CPU
		{E7FB6814-E60C-435B-AE7D-3CBF6F6EC570}.Debug|Any CPU.ActiveCfg = Debug|Any CPU
		{E7FB6814-E60C-435B-AE7D-3CBF6F6EC570}.Debug|Any CPU.Build.0 = Debug|Any CPU
		{E7FB6814-E60C-435B-AE7D-3CBF6F6EC570}.Debug|x64.ActiveCfg = Debug|Any CPU
		{E7FB6814-E60C-435B-AE7D-3CBF6F6EC570}.Debug|x64.Build.0 = Debug|Any CPU
		{E7FB6814-E60C-435B-AE7D-3CBF6F6EC570}.Debug|x86.ActiveCfg = Debug|Any CPU
		{E7FB6814-E60C-435B-AE7D-3CBF6F6EC570}.Debug|x86.Build.0 = Debug|Any CPU
		{E7FB6814-E60C-435B-AE7D-3CBF6F6EC570}.Release|Any CPU.ActiveCfg = Release|Any CPU
		{E7FB6814-E60C-435B-AE7D-3CBF6F6EC570}.Release|Any CPU.Build.0 = Release|Any CPU
		{E7FB6814-E60C-435B-AE7D-3CBF6F6EC570}.Release|x64.ActiveCfg = Release|Any CPU
		{E7FB6814-E60C-435B-AE7D-3CBF6F6EC570}.Release|x64.Build.0 = Release|Any CPU
		{E7FB6814-E60C-435B-AE7D-3CBF6F6EC570}.Release|x86.ActiveCfg = Release|Any CPU
		{E7FB6814-E60C-435B-AE7D-3CBF6F6EC570}.Release|x86.Build.0 = Release|Any CPU
	EndGlobalSection
	GlobalSection(SolutionProperties) = preSolution
		HideSolutionNode = FALSE
	EndGlobalSection
EndGlobal
