
Microsoft Visual Studio Solution File, Format Version 12.00
# Visual Studio Version 17
VisualStudioVersion = 17.0.31903.59
MinimumVisualStudioVersion = 10.0.40219.1
Project("{2150E333-8FDC-42A3-9474-1A3956D46DE8}") = "Shared", "Shared", "{4F52FD11-658E-A102-6CD3-7D7C16FFA15B}"
EndProject
Project("{FAE04EC0-301F-11D3-BF4B-00C04F79EFBC}") = "Lab04.Core", "Shared\Lab04.Core\Lab04.Core.csproj", "{E9D8AFCB-9223-48B2-9994-21388255359B}"
EndProject
Project("{FAE04EC0-301F-11D3-BF4B-00C04F79EFBC}") = "BaiMau_ThongTinCaNhan", "BaiMau_ThongTinCaNhan\BaiMau_ThongTinCaNhan.csproj", "{3786DD2C-4CCF-4FFA-90B6-28E09B3F9689}"
EndProject
Project("{FAE04EC0-301F-11D3-BF4B-00C04F79EFBC}") = "Bai01_PhepTinh", "Bai01_PhepTinh\Bai01_PhepTinh.csproj", "{A9FA8355-2F8F-4631-81DF-05023A22A204}"
EndProject
Project("{FAE04EC0-301F-11D3-BF4B-00C04F79EFBC}") = "Bai02_DangKyTaiKhoan", "Bai02_DangKyTaiKhoan\Bai02_DangKyTaiKhoan.csproj", "{C7FF70B5-B43F-428B-94C1-A91934976D4A}"
EndProject
Project("{FAE04EC0-301F-11D3-BF4B-00C04F79EFBC}") = "Bai03_UocSoBoiSo", "Bai03_UocSoBoiSo\Bai03_UocSoBoiSo.csproj", "{B1641889-528B-4EFC-9444-B932467B9B7B}"
EndProject
Project("{2150E333-8FDC-42A3-9474-1A3956D46DE8}") = "KiemTra", "KiemTra", "{5653C2AE-5D4B-82B6-0864-BBD8C77CE85E}"
EndProject
Project("{FAE04EC0-301F-11D3-BF4B-00C04F79EFBC}") = "Lab04.SelfTest", "KiemTra\Lab04.SelfTest\Lab04.SelfTest.csproj", "{F674998F-986C-4846-B7B7-B38F9FF3B5F3}"
EndProject
Global
	GlobalSection(SolutionConfigurationPlatforms) = preSolution
		Debug|Any CPU = Debug|Any CPU
		Debug|x64 = Debug|x64
		Debug|x86 = Debug|x86
		Release|Any CPU = Release|Any CPU
		Release|x64 = Release|x64
		Release|x86 = Release|x86
	EndGlobalSection
	GlobalSection(ProjectConfigurationPlatforms) = postSolution
		{E9D8AFCB-9223-48B2-9994-21388255359B}.Debug|Any CPU.ActiveCfg = Debug|Any CPU
		{E9D8AFCB-9223-48B2-9994-21388255359B}.Debug|Any CPU.Build.0 = Debug|Any CPU
		{E9D8AFCB-9223-48B2-9994-21388255359B}.Debug|x64.ActiveCfg = Debug|Any CPU
		{E9D8AFCB-9223-48B2-9994-21388255359B}.Debug|x64.Build.0 = Debug|Any CPU
		{E9D8AFCB-9223-48B2-9994-21388255359B}.Debug|x86.ActiveCfg = Debug|Any CPU
		{E9D8AFCB-9223-48B2-9994-21388255359B}.Debug|x86.Build.0 = Debug|Any CPU
		{E9D8AFCB-9223-48B2-9994-21388255359B}.Release|Any CPU.ActiveCfg = Release|Any CPU
		{E9D8AFCB-9223-48B2-9994-21388255359B}.Release|Any CPU.Build.0 = Release|Any CPU
		{E9D8AFCB-9223-48B2-9994-21388255359B}.Release|x64.ActiveCfg = Release|Any CPU
		{E9D8AFCB-9223-48B2-9994-21388255359B}.Release|x64.Build.0 = Release|Any CPU
		{E9D8AFCB-9223-48B2-9994-21388255359B}.Release|x86.ActiveCfg = Release|Any CPU
		{E9D8AFCB-9223-48B2-9994-21388255359B}.Release|x86.Build.0 = Release|Any CPU
		{3786DD2C-4CCF-4FFA-90B6-28E09B3F9689}.Debug|Any CPU.ActiveCfg = Debug|Any CPU
		{3786DD2C-4CCF-4FFA-90B6-28E09B3F9689}.Debug|Any CPU.Build.0 = Debug|Any CPU
		{3786DD2C-4CCF-4FFA-90B6-28E09B3F9689}.Debug|x64.ActiveCfg = Debug|Any CPU
		{3786DD2C-4CCF-4FFA-90B6-28E09B3F9689}.Debug|x64.Build.0 = Debug|Any CPU
		{3786DD2C-4CCF-4FFA-90B6-28E09B3F9689}.Debug|x86.ActiveCfg = Debug|Any CPU
		{3786DD2C-4CCF-4FFA-90B6-28E09B3F9689}.Debug|x86.Build.0 = Debug|Any CPU
		{3786DD2C-4CCF-4FFA-90B6-28E09B3F9689}.Release|Any CPU.ActiveCfg = Release|Any CPU
		{3786DD2C-4CCF-4FFA-90B6-28E09B3F9689}.Release|Any CPU.Build.0 = Release|Any CPU
		{3786DD2C-4CCF-4FFA-90B6-28E09B3F9689}.Release|x64.ActiveCfg = Release|Any CPU
		{3786DD2C-4CCF-4FFA-90B6-28E09B3F9689}.Release|x64.Build.0 = Release|Any CPU
		{3786DD2C-4CCF-4FFA-90B6-28E09B3F9689}.Release|x86.ActiveCfg = Release|Any CPU
		{3786DD2C-4CCF-4FFA-90B6-28E09B3F9689}.Release|x86.Build.0 = Release|Any CPU
		{A9FA8355-2F8F-4631-81DF-05023A22A204}.Debug|Any CPU.ActiveCfg = Debug|Any CPU
		{A9FA8355-2F8F-4631-81DF-05023A22A204}.Debug|Any CPU.Build.0 = Debug|Any CPU
		{A9FA8355-2F8F-4631-81DF-05023A22A204}.Debug|x64.ActiveCfg = Debug|Any CPU
		{A9FA8355-2F8F-4631-81DF-05023A22A204}.Debug|x64.Build.0 = Debug|Any CPU
		{A9FA8355-2F8F-4631-81DF-05023A22A204}.Debug|x86.ActiveCfg = Debug|Any CPU
		{A9FA8355-2F8F-4631-81DF-05023A22A204}.Debug|x86.Build.0 = Debug|Any CPU
		{A9FA8355-2F8F-4631-81DF-05023A22A204}.Release|Any CPU.ActiveCfg = Release|Any CPU
		{A9FA8355-2F8F-4631-81DF-05023A22A204}.Release|Any CPU.Build.0 = Release|Any CPU
		{A9FA8355-2F8F-4631-81DF-05023A22A204}.Release|x64.ActiveCfg = Release|Any CPU
		{A9FA8355-2F8F-4631-81DF-05023A22A204}.Release|x64.Build.0 = Release|Any CPU
		{A9FA8355-2F8F-4631-81DF-05023A22A204}.Release|x86.ActiveCfg = Release|Any CPU
		{A9FA8355-2F8F-4631-81DF-05023A22A204}.Release|x86.Build.0 = Release|Any CPU
		{C7FF70B5-B43F-428B-94C1-A91934976D4A}.Debug|Any CPU.ActiveCfg = Debug|Any CPU
		{C7FF70B5-B43F-428B-94C1-A91934976D4A}.Debug|Any CPU.Build.0 = Debug|Any CPU
		{C7FF70B5-B43F-428B-94C1-A91934976D4A}.Debug|x64.ActiveCfg = Debug|Any CPU
		{C7FF70B5-B43F-428B-94C1-A91934976D4A}.Debug|x64.Build.0 = Debug|Any CPU
		{C7FF70B5-B43F-428B-94C1-A91934976D4A}.Debug|x86.ActiveCfg = Debug|Any CPU
		{C7FF70B5-B43F-428B-94C1-A91934976D4A}.Debug|x86.Build.0 = Debug|Any CPU
		{C7FF70B5-B43F-428B-94C1-A91934976D4A}.Release|Any CPU.ActiveCfg = Release|Any CPU
		{C7FF70B5-B43F-428B-94C1-A91934976D4A}.Release|Any CPU.Build.0 = Release|Any CPU
		{C7FF70B5-B43F-428B-94C1-A91934976D4A}.Release|x64.ActiveCfg = Release|Any CPU
		{C7FF70B5-B43F-428B-94C1-A91934976D4A}.Release|x64.Build.0 = Release|Any CPU
		{C7FF70B5-B43F-428B-94C1-A91934976D4A}.Release|x86.ActiveCfg = Release|Any CPU
		{C7FF70B5-B43F-428B-94C1-A91934976D4A}.Release|x86.Build.0 = Release|Any CPU
		{B1641889-528B-4EFC-9444-B932467B9B7B}.Debug|Any CPU.ActiveCfg = Debug|Any CPU
		{B1641889-528B-4EFC-9444-B932467B9B7B}.Debug|Any CPU.Build.0 = Debug|Any CPU
		{B1641889-528B-4EFC-9444-B932467B9B7B}.Debug|x64.ActiveCfg = Debug|Any CPU
		{B1641889-528B-4EFC-9444-B932467B9B7B}.Debug|x64.Build.0 = Debug|Any CPU
		{B1641889-528B-4EFC-9444-B932467B9B7B}.Debug|x86.ActiveCfg = Debug|Any CPU
		{B1641889-528B-4EFC-9444-B932467B9B7B}.Debug|x86.Build.0 = Debug|Any CPU
		{B1641889-528B-4EFC-9444-B932467B9B7B}.Release|Any CPU.ActiveCfg = Release|Any CPU
		{B1641889-528B-4EFC-9444-B932467B9B7B}.Release|Any CPU.Build.0 = Release|Any CPU
		{B1641889-528B-4EFC-9444-B932467B9B7B}.Release|x64.ActiveCfg = Release|Any CPU
		{B1641889-528B-4EFC-9444-B932467B9B7B}.Release|x64.Build.0 = Release|Any CPU
		{B1641889-528B-4EFC-9444-B932467B9B7B}.Release|x86.ActiveCfg = Release|Any CPU
		{B1641889-528B-4EFC-9444-B932467B9B7B}.Release|x86.Build.0 = Release|Any CPU
		{F674998F-986C-4846-B7B7-B38F9FF3B5F3}.Debug|Any CPU.ActiveCfg = Debug|Any CPU
		{F674998F-986C-4846-B7B7-B38F9FF3B5F3}.Debug|Any CPU.Build.0 = Debug|Any CPU
		{F674998F-986C-4846-B7B7-B38F9FF3B5F3}.Debug|x64.ActiveCfg = Debug|Any CPU
		{F674998F-986C-4846-B7B7-B38F9FF3B5F3}.Debug|x64.Build.0 = Debug|Any CPU
		{F674998F-986C-4846-B7B7-B38F9FF3B5F3}.Debug|x86.ActiveCfg = Debug|Any CPU
		{F674998F-986C-4846-B7B7-B38F9FF3B5F3}.Debug|x86.Build.0 = Debug|Any CPU
		{F674998F-986C-4846-B7B7-B38F9FF3B5F3}.Release|Any CPU.ActiveCfg = Release|Any CPU
		{F674998F-986C-4846-B7B7-B38F9FF3B5F3}.Release|Any CPU.Build.0 = Release|Any CPU
		{F674998F-986C-4846-B7B7-B38F9FF3B5F3}.Release|x64.ActiveCfg = Release|Any CPU
		{F674998F-986C-4846-B7B7-B38F9FF3B5F3}.Release|x64.Build.0 = Release|Any CPU
		{F674998F-986C-4846-B7B7-B38F9FF3B5F3}.Release|x86.ActiveCfg = Release|Any CPU
		{F674998F-986C-4846-B7B7-B38F9FF3B5F3}.Release|x86.Build.0 = Release|Any CPU
	EndGlobalSection
	GlobalSection(SolutionProperties) = preSolution
		HideSolutionNode = FALSE
	EndGlobalSection
	GlobalSection(NestedProjects) = preSolution
		{E9D8AFCB-9223-48B2-9994-21388255359B} = {4F52FD11-658E-A102-6CD3-7D7C16FFA15B}
		{F674998F-986C-4846-B7B7-B38F9FF3B5F3} = {5653C2AE-5D4B-82B6-0864-BBD8C77CE85E}
	EndGlobalSection
EndGlobal
